
Microsoft Visual Studio Solution File, Format Version 12.00
# Visual Studio Version 16
VisualStudioVersion = 16.0.31702.278
MinimumVisualStudioVersion = 10.0.40219.1
Project("{FAE04EC0-301F-11D3-BF4B-00C04F79EFBC}") = "WebAPI", "WebAPI\WebAPI.csproj", "{D2A5B828-6F93-4552-91EB-38398AFEE892}"
EndProject
Project("{FAE04EC0-301F-11D3-BF4B-00C04F79EFBC}") = "Terec_Ioan_Lab12.Android", "Terec_Ioan_Lab12\Terec_Ioan_Lab12\Terec_Ioan_Lab12.Android\Terec_Ioan_Lab12.Android.csproj", "{20DAFE34-16DE-4C65-B6DB-6FD9F219E714}"
EndProject
Project("{FAE04EC0-301F-11D3-BF4B-00C04F79EFBC}") = "Terec_Ioan_Lab12", "Terec_Ioan_Lab12\Terec_Ioan_Lab12\Terec_Ioan_Lab12\Terec_Ioan_Lab12.csproj", "{C0EB516A-76EF-4A33-AE05-DFCA9DCBBF9B}"
EndProject
Global
	GlobalSection(SolutionConfigurationPlatforms) = preSolution
		Debug|Any CPU = Debug|Any CPU
		Release|Any CPU = Release|Any CPU
	EndGlobalSection
	GlobalSection(ProjectConfigurationPlatforms) = postSolution
		{D2A5B828-6F93-4552-91EB-38398AFEE892}.Debug|Any CPU.ActiveCfg = Debug|Any CPU
		{D2A5B828-6F93-4552-91EB-38398AFEE892}.Debug|Any CPU.Build.0 = Debug|Any CPU
		{D2A5B828-6F93-4552-91EB-38398AFEE892}.Release|Any CPU.ActiveCfg = Release|Any CPU
		{D2A5B828-6F93-4552-91EB-38398AFEE892}.Release|Any CPU.Build.0 = Release|Any CPU
		{20DAFE34-16DE-4C65-B6DB-6FD9F219E714}.Debug|Any CPU.ActiveCfg = Debug|Any CPU
		{20DAFE34-16DE-4C65-B6DB-6FD9F219E714}.Debug|Any CPU.Build.0 = Debug|Any CPU
		{20DAFE34-16DE-4C65-B6DB-6FD9F219E714}.Debug|Any CPU.Deploy.0 = Debug|Any CPU
		{20DAFE34-16DE-4C65-B6DB-6FD9F219E714}.Release|Any CPU.ActiveCfg = Release|Any CPU
		{20DAFE34-16DE-4C65-B6DB-6FD9F219E714}.Release|Any CPU.Build.0 = Release|Any CPU
		{20DAFE34-16DE-4C65-B6DB-6FD9F219E714}.Release|Any CPU.Deploy.0 = Release|Any CPU
		{C0EB516A-76EF-4A33-AE05-DFCA9DCBBF9B}.Debug|Any CPU.ActiveCfg = Debug|Any CPU
		{C0EB516A-76EF-4A33-AE05-DFCA9DCBBF9B}.Debug|Any CPU.Build.0 = Debug|Any CPU
		{C0EB516A-76EF-4A33-AE05-DFCA9DCBBF9B}.Release|Any CPU.ActiveCfg = Release|Any CPU
		{C0EB516A-76EF-4A33-AE05-DFCA9DCBBF9B}.Release|Any CPU.Build.0 = Release|Any CPU
	EndGlobalSection
	GlobalSection(SolutionProperties) = preSolution
		HideSolutionNode = FALSE
	EndGlobalSection
	GlobalSection(ExtensibilityGlobals) = postSolution
		SolutionGuid = {B0D20E23-FB14-47FD-A736-032E0DC8FC1B}
	EndGlobalSection
EndGlobal
